
Microsoft Visual Studio Solution File, Format Version 12.00
# Visual Studio Version 18
VisualStudioVersion = 18.3.11520.95 d18.3
MinimumVisualStudioVersion = 10.0.40219.1
Project("{FAE04EC0-301F-11D3-BF4B-00C04F79EFBC}") = "BLL", "BLL\BLL.csproj", "{5875EBB1-01BE-2D17-3613-D0BAD09CBB40}"
EndProject
Project("{FAE04EC0-301F-11D3-BF4B-00C04F79EFBC}") = "Tests", "Tests\Tests.csproj", "{9CF47860-2CEA-F379-09D8-9AEF27965D12}"
EndProject
Project("{FAE04EC0-301F-11D3-BF4B-00C04F79EFBC}") = "PL", "NewsWebsite\PL.csproj", "{0D3E3F88-D995-4BEE-F576-84F2BCDBAAF8}"
EndProject
Project("{FAE04EC0-301F-11D3-BF4B-00C04F79EFBC}") = "DAL", "DAL\DAL.csproj", "{12357D34-2A02-1ECD-BC6C-D84ADDC1A72E}"
EndProject
Global
	GlobalSection(SolutionConfigurationPlatforms) = preSolution
		Debug|Any CPU = Debug|Any CPU
		Release|Any CPU = Release|Any CPU
	EndGlobalSection
	GlobalSection(ProjectConfigurationPlatforms) = postSolution
		{5875EBB1-01BE-2D17-3613-D0BAD09CBB40}.Debug|Any CPU.ActiveCfg = Debug|Any CPU
		{5875EBB1-01BE-2D17-3613-D0BAD09CBB40}.Debug|Any CPU.Build.0 = Debug|Any CPU
		{5875EBB1-01BE-2D17-3613-D0BAD09CBB40}.Release|Any CPU.ActiveCfg = Release|Any CPU
		{5875EBB1-01BE-2D17-3613-D0BAD09CBB40}.Release|Any CPU.Build.0 = Release|Any CPU
		{9CF47860-2CEA-F379-09D8-9AEF27965D12}.Debug|Any CPU.ActiveCfg = Debug|Any CPU
		{9CF47860-2CEA-F379-09D8-9AEF27965D12}.Debug|Any CPU.Build.0 = Debug|Any CPU
		{9CF47860-2CEA-F379-09D8-9AEF27965D12}.Release|Any CPU.ActiveCfg = Release|Any CPU
		{9CF47860-2CEA-F379-09D8-9AEF27965D12}.Release|Any CPU.Build.0 = Release|Any CPU
		{0D3E3F88-D995-4BEE-F576-84F2BCDBAAF8}.Debug|Any CPU.ActiveCfg = Debug|Any CPU
		{0D3E3F88-D995-4BEE-F576-84F2BCDBAAF8}.Debug|Any CPU.Build.0 = Debug|Any CPU
		{0D3E3F88-D995-4BEE-F576-84F2BCDBAAF8}.Release|Any CPU.ActiveCfg = Release|Any CPU
		{0D3E3F88-D995-4BEE-F576-84F2BCDBAAF8}.Release|Any CPU.Build.0 = Release|Any CPU
		{12357D34-2A02-1ECD-BC6C-D84ADDC1A72E}.Debug|Any CPU.ActiveCfg = Debug|Any CPU
		{12357D34-2A02-1ECD-BC6C-D84ADDC1A72E}.Debug|Any CPU.Build.0 = Debug|Any CPU
		{12357D34-2A02-1ECD-BC6C-D84ADDC1A72E}.Release|Any CPU.ActiveCfg = Release|Any CPU
		{12357D34-2A02-1ECD-BC6C-D84ADDC1A72E}.Release|Any CPU.Build.0 = Release|Any CPU
	EndGlobalSection
	GlobalSection(SolutionProperties) = preSolution
		HideSolutionNode = FALSE
	EndGlobalSection
	GlobalSection(ExtensibilityGlobals) = postSolution
		SolutionGuid = {45EA0DE9-68E4-4507-8D57-423803F456D4}
	EndGlobalSection
EndGlobal
